
Microsoft Visual Studio Solution File, Format Version 12.00
# Visual Studio Version 17
VisualStudioVersion = 17.3.32901.215
MinimumVisualStudioVersion = 10.0.40219.1
Project("{FAE04EC0-301F-11D3-BF4B-00C04F79EFBC}") = "Farmucho", "Farmucho\Farmucho.csproj", "{A3C3E58D-0F34-4430-9272-C45D843FAA53}"
EndProject
Global
	GlobalSection(SolutionConfigurationPlatforms) = preSolution
		Debug|Any CPU = Debug|Any CPU
		Release|Any CPU = Release|Any CPU
	EndGlobalSection
	GlobalSection(ProjectConfigurationPlatforms) = postSolution
		{A3C3E58D-0F34-4430-9272-C45D843FAA53}.Debug|Any CPU.ActiveCfg = Debug|Any CPU
		{A3C3E58D-0F34-4430-9272-C45D843FAA53}.Debug|Any CPU.Build.0 = Debug|Any CPU
		{A3C3E58D-0F34-4430-9272-C45D843FAA53}.Release|Any CPU.ActiveCfg = Release|Any CPU
		{A3C3E58D-0F34-4430-9272-C45D843FAA53}.Release|Any CPU.Build.0 = Release|Any CPU
	EndGlobalSection
	GlobalSection(SolutionProperties) = preSolution
		HideSolutionNode = FALSE
	EndGlobalSection
	GlobalSection(ExtensibilityGlobals) = postSolution
		SolutionGuid = {0B618889-B133-45D9-B719-A578CD18C94D}
	EndGlobalSection
EndGlobal
